PODS:
  - Alamofire (4.5.0)
  - IQKeyboardManagerSwift (4.0.10)
  - NVActivityIndicatorView (3.6.1)
  - UnderKeyboard (8.0.3)

DEPENDENCIES:
  - Alamofire (~> 4.4)
  - IQKeyboardManagerSwift
  - NVActivityIndicatorView
  - UnderKeyboard

SPEC CHECKSUMS:
  Alamofire: f28cdffd29de33a7bfa022cbd63ae95a27fae140
  IQKeyboardManagerSwift: 75ba21a23794a1e6b6fe6d9a267ea17f80e06771
  NVActivityIndicatorView: 9f52a7f84bf5c6a798722c450fe3c198e01c56ed
  UnderKeyboard: 5a2e2cf7eab78711bad2c58167ddd4ab8b463112

PODFILE CHECKSUM: a211c358b4e7d8efc7196b2c54c1a0dc1d1a2325

COCOAPODS: 1.2.1
